// !$*UTF8*$!
{
	archiveVersion = 1;
	classes = {
	};
	objectVersion = 46;
	objects = {

/* Begin PBXBuildFile section */
		78338C091F399FB200094F15 /* libsqlite3.0.tbd in Frameworks */ = {isa = PBXBuildFile; fileRef = 78338C081F399FB200094F15 /* libsqlite3.0.tbd */; };
		7862FF041F39959C00459E3E /* CFNetwork.framework in Frameworks */ = {isa = PBXBuildFile; fileRef = 7862FF031F39959C00459E3E /* CFNetwork.framework */; };
		7862FF061F3996B700459E3E /* SystemConfiguration.framework in Frameworks */ = {isa = PBXBuildFile; fileRef = 7862FF051F3996B700459E3E /* SystemConfiguration.framework */; };
		7862FF081F3996C300459E3E /* libc++.tbd in Frameworks */ = {isa = PBXBuildFile; fileRef = 7862FF071F3996C300459E3E /* libc++.tbd */; };
		7862FF0A1F3996CD00459E3E /* libz.tbd in Frameworks */ = {isa = PBXBuildFile; fileRef = 7862FF091F3996CD00459E3E /* libz.tbd */; };
		7862FF0C1F3996D600459E3E /* CoreTelephony.framework in Frameworks */ = {isa = PBXBuildFile; fileRef = 7862FF0B1F3996D600459E3E /* CoreTelephony.framework */; };
		7862FF0E1F3996DD00459E3E /* QuartzCore.framework in Frameworks */ = {isa = PBXBuildFile; fileRef = 7862FF0D1F3996DD00459E3E /* QuartzCore.framework */; };
		7862FF101F3996E600459E3E /* CoreText.framework in Frameworks */ = {isa = PBXBuildFile; fileRef = 7862FF0F1F3996E600459E3E /* CoreText.framework */; };
		7862FF121F3996F000459E3E /* CoreGraphics.framework in Frameworks */ = {isa = PBXBuildFile; fileRef = 7862FF111F3996F000459E3E /* CoreGraphics.framework */; };
		7862FF141F39971000459E3E /* CoreMotion.framework in Frameworks */ = {isa = PBXBuildFile; fileRef = 7862FF131F39971000459E3E /* CoreMotion.framework */; };
		788D3D2E1FDFC7F5002121B6 /* YDSDK.bundle in Resources */ = {isa = PBXBuildFile; fileRef = 788D3D2D1FDFC7F5002121B6 /* YDSDK.bundle */; };
		788D3D2F1FDFC8EC002121B6 /* YDSDK.framework in Frameworks */ = {isa = PBXBuildFile; fileRef = 788D3C7E1FDFBF9E002121B6 /* YDSDK.framework */; };
		78A3FD561F2EC3DD00B70A90 /* main.m in Sources */ = {isa = PBXBuildFile; fileRef = 78A3FD551F2EC3DD00B70A90 /* main.m */; };
		78A3FD591F2EC3DD00B70A90 /* AppDelegate.m in Sources */ = {isa = PBXBuildFile; fileRef = 78A3FD581F2EC3DD00B70A90 /* AppDelegate.m */; };
		78A3FD5C1F2EC3DD00B70A90 /* ViewController.m in Sources */ = {isa = PBXBuildFile; fileRef = 78A3FD5B1F2EC3DD00B70A90 /* ViewController.m */; };
		78A3FD611F2EC3DD00B70A90 /* Assets.xcassets in Resources */ = {isa = PBXBuildFile; fileRef = 78A3FD601F2EC3DD00B70A90 /* Assets.xcassets */; };
/* End PBXBuildFile section */

/* Begin PBXCopyFilesBuildPhase section */
		78A3FDA31F2ED32500B70A90 /* Embed Frameworks */ = {
			isa = PBXCopyFilesBuildPhase;
			buildActionMask = 2147483647;
			dstPath = "";
			dstSubfolderSpec = 10;
			files = (
			);
			name = "Embed Frameworks";
			runOnlyForDeploymentPostprocessing = 0;
		};
/* End PBXCopyFilesBuildPhase section */

/* Begin PBXFileReference section */
		78338C081F399FB200094F15 /* libsqlite3.0.tbd */ = {isa = PBXFileReference; lastKnownFileType = "sourcecode.text-based-dylib-definition"; name = libsqlite3.0.tbd; path = usr/lib/libsqlite3.0.tbd; sourceTree = SDKROOT; };
		7862FF031F39959C00459E3E /* CFNetwork.framework */ = {isa = PBXFileReference; lastKnownFileType = wrapper.framework; name = CFNetwork.framework; path = System/Library/Frameworks/CFNetwork.framework; sourceTree = SDKROOT; };
		7862FF051F3996B700459E3E /* SystemConfiguration.framework */ = {isa = PBXFileReference; lastKnownFileType = wrapper.framework; name = SystemConfiguration.framework; path = System/Library/Frameworks/SystemConfiguration.framework; sourceTree = SDKROOT; };
		7862FF071F3996C300459E3E /* libc++.tbd */ = {isa = PBXFileReference; lastKnownFileType = "sourcecode.text-based-dylib-definition"; name = "libc++.tbd"; path = "usr/lib/libc++.tbd"; sourceTree = SDKROOT; };
		7862FF091F3996CD00459E3E /* libz.tbd */ = {isa = PBXFileReference; lastKnownFileType = "sourcecode.text-based-dylib-definition"; name = libz.tbd; path = usr/lib/libz.tbd; sourceTree = SDKROOT; };
		7862FF0B1F3996D600459E3E /* CoreTelephony.framework */ = {isa = PBXFileReference; lastKnownFileType = wrapper.framework; name = CoreTelephony.framework; path = System/Library/Frameworks/CoreTelephony.framework; sourceTree = SDKROOT; };
		7862FF0D1F3996DD00459E3E /* QuartzCore.framework */ = {isa = PBXFileReference; lastKnownFileType = wrapper.framework; name = QuartzCore.framework; path = System/Library/Frameworks/QuartzCore.framework; sourceTree = SDKROOT; };
		7862FF0F1F3996E600459E3E /* CoreText.framework */ = {isa = PBXFileReference; lastKnownFileType = wrapper.framework; name = CoreText.framework; path = System/Library/Frameworks/CoreText.framework; sourceTree = SDKROOT; };
		7862FF111F3996F000459E3E /* CoreGraphics.framework */ = {isa = PBXFileReference; lastKnownFileType = wrapper.framework; name = CoreGraphics.framework; path = System/Library/Frameworks/CoreGraphics.framework; sourceTree = SDKROOT; };
		7862FF131F39971000459E3E /* CoreMotion.framework */ = {isa = PBXFileReference; lastKnownFileType = wrapper.framework; name = CoreMotion.framework; path = System/Library/Frameworks/CoreMotion.framework; sourceTree = SDKROOT; };
		788D3C7E1FDFBF9E002121B6 /* YDSDK.framework */ = {isa = PBXFileReference; explicitFileType = wrapper.framework; path = YDSDK.framework; sourceTree = BUILT_PRODUCTS_DIR; };
		788D3D2D1FDFC7F5002121B6 /* YDSDK.bundle */ = {isa = PBXFileReference; lastKnownFileType = "wrapper.plug-in"; path = YDSDK.bundle; sourceTree = "<group>"; };
		78A3FD511F2EC3DD00B70A90 /* GYSDKDemo.app */ = {isa = PBXFileReference; explicitFileType = wrapper.application; includeInIndex = 0; path = GYSDKDemo.app; sourceTree = BUILT_PRODUCTS_DIR; };
		78A3FD551F2EC3DD00B70A90 /* main.m */ = {isa = PBXFileReference; lastKnownFileType = sourcecode.c.objc; path = main.m; sourceTree = "<group>"; };
		78A3FD571F2EC3DD00B70A90 /* AppDelegate.h */ = {isa = PBXFileReference; lastKnownFileType = sourcecode.c.h; path = AppDelegate.h; sourceTree = "<group>"; };
		78A3FD581F2EC3DD00B70A90 /* AppDelegate.m */ = {isa = PBXFileReference; lastKnownFileType = sourcecode.c.objc; path = AppDelegate.m; sourceTree = "<group>"; };
		78A3FD5A1F2EC3DD00B70A90 /* ViewController.h */ = {isa = PBXFileReference; lastKnownFileType = sourcecode.c.h; path = ViewController.h; sourceTree = "<group>"; };
		78A3FD5B1F2EC3DD00B70A90 /* ViewController.m */ = {isa = PBXFileReference; lastKnownFileType = sourcecode.c.objc; path = ViewController.m; sourceTree = "<group>"; };
		78A3FD601F2EC3DD00B70A90 /* Assets.xcassets */ = {isa = PBXFileReference; lastKnownFileType = folder.assetcatalog; path = Assets.xcassets; sourceTree = "<group>"; };
		78A3FD651F2EC3DD00B70A90 /* Info.plist */ = {isa = PBXFileReference; lastKnownFileType = text.plist.xml; path = Info.plist; sourceTree = "<group>"; };
		78A3FDD71F2F010700B70A90 /* GYSDK.framework */ = {isa = PBXFileReference; lastKnownFileType = wrapper.framework; name = GYSDK.framework; path = "../../Documents/GYSDK/build/Debug-iphoneos/GYSDK.framework"; sourceTree = "<group>"; };
/* End PBXFileReference section */

/* Begin PBXFrameworksBuildPhase section */
		78A3FD4E1F2EC3DD00B70A90 /* Frameworks */ = {
			isa = PBXFrameworksBuildPhase;
			buildActionMask = 2147483647;
			files = (
				788D3D2F1FDFC8EC002121B6 /* YDSDK.framework in Frameworks */,
				78338C091F399FB200094F15 /* libsqlite3.0.tbd in Frameworks */,
				7862FF141F39971000459E3E /* CoreMotion.framework in Frameworks */,
				7862FF121F3996F000459E3E /* CoreGraphics.framework in Frameworks */,
				7862FF101F3996E600459E3E /* CoreText.framework in Frameworks */,
				7862FF0E1F3996DD00459E3E /* QuartzCore.framework in Frameworks */,
				7862FF0C1F3996D600459E3E /* CoreTelephony.framework in Frameworks */,
				7862FF0A1F3996CD00459E3E /* libz.tbd in Frameworks */,
				7862FF081F3996C300459E3E /* libc++.tbd in Frameworks */,
				7862FF061F3996B700459E3E /* SystemConfiguration.framework in Frameworks */,
				7862FF041F39959C00459E3E /* CFNetwork.framework in Frameworks */,
			);
			runOnlyForDeploymentPostprocessing = 0;
		};
/* End PBXFrameworksBuildPhase section */

/* Begin PBXGroup section */
		78A3FD481F2EC3DD00B70A90 = {
			isa = PBXGroup;
			children = (
				78A3FD531F2EC3DD00B70A90 /* GYSDKDemo */,
				78A3FD521F2EC3DD00B70A90 /* Products */,
				78A3FDD61F2F010700B70A90 /* Frameworks */,
			);
			sourceTree = "<group>";
		};
		78A3FD521F2EC3DD00B70A90 /* Products */ = {
			isa = PBXGroup;
			children = (
				78A3FD511F2EC3DD00B70A90 /* GYSDKDemo.app */,
			);
			name = Products;
			sourceTree = "<group>";
		};
		78A3FD531F2EC3DD00B70A90 /* GYSDKDemo */ = {
			isa = PBXGroup;
			children = (
				78A3FD571F2EC3DD00B70A90 /* AppDelegate.h */,
				78A3FD581F2EC3DD00B70A90 /* AppDelegate.m */,
				78A3FD5A1F2EC3DD00B70A90 /* ViewController.h */,
				78A3FD5B1F2EC3DD00B70A90 /* ViewController.m */,
				78A3FD601F2EC3DD00B70A90 /* Assets.xcassets */,
				78A3FD651F2EC3DD00B70A90 /* Info.plist */,
				78A3FD541F2EC3DD00B70A90 /* Supporting Files */,
			);
			path = GYSDKDemo;
			sourceTree = "<group>";
		};
		78A3FD541F2EC3DD00B70A90 /* Supporting Files */ = {
			isa = PBXGroup;
			children = (
				788D3D2D1FDFC7F5002121B6 /* YDSDK.bundle */,
				78A3FD551F2EC3DD00B70A90 /* main.m */,
			);
			name = "Supporting Files";
			sourceTree = "<group>";
		};
		78A3FDD61F2F010700B70A90 /* Frameworks */ = {
			isa = PBXGroup;
			children = (
				788D3C7E1FDFBF9E002121B6 /* YDSDK.framework */,
				78338C081F399FB200094F15 /* libsqlite3.0.tbd */,
				7862FF131F39971000459E3E /* CoreMotion.framework */,
				7862FF111F3996F000459E3E /* CoreGraphics.framework */,
				7862FF0F1F3996E600459E3E /* CoreText.framework */,
				7862FF0D1F3996DD00459E3E /* QuartzCore.framework */,
				7862FF0B1F3996D600459E3E /* CoreTelephony.framework */,
				7862FF091F3996CD00459E3E /* libz.tbd */,
				7862FF071F3996C300459E3E /* libc++.tbd */,
				7862FF051F3996B700459E3E /* SystemConfiguration.framework */,
				7862FF031F39959C00459E3E /* CFNetwork.framework */,
				78A3FDD71F2F010700B70A90 /* GYSDK.framework */,
			);
			name = Frameworks;
			sourceTree = "<group>";
		};
/* End PBXGroup section */

/* Begin PBXNativeTarget section */
		78A3FD501F2EC3DD00B70A90 /* GYSDKDemo */ = {
			isa = PBXNativeTarget;
			buildConfigurationList = 78A3FD681F2EC3DD00B70A90 /* Build configuration list for PBXNativeTarget "GYSDKDemo" */;
			buildPhases = (
				78A3FD4D1F2EC3DD00B70A90 /* Sources */,
				78A3FD4E1F2EC3DD00B70A90 /* Frameworks */,
				78A3FD4F1F2EC3DD00B70A90 /* Resources */,
				78A3FDA31F2ED32500B70A90 /* Embed Frameworks */,
			);
			buildRules = (
			);
			dependencies = (
			);
			name = GYSDKDemo;
			productName = GYSDKDemo;
			productReference = 78A3FD511F2EC3DD00B70A90 /* GYSDKDemo.app */;
			productType = "com.apple.product-type.application";
		};
/* End PBXNativeTarget section */

/* Begin PBXProject section */
		78A3FD491F2EC3DD00B70A90 /* Project object */ = {
			isa = PBXProject;
			attributes = {
				LastUpgradeCheck = 0900;
				ORGANIZATIONNAME = yd;
				TargetAttributes = {
					78A3FD501F2EC3DD00B70A90 = {
						CreatedOnToolsVersion = 8.3.3;
						DevelopmentTeam = GCJWGV4358;
						ProvisioningStyle = Automatic;
					};
				};
			};
			buildConfigurationList = 78A3FD4C1F2EC3DD00B70A90 /* Build configuration list for PBXProject "GYSDKDemo" */;
			compatibilityVersion = "Xcode 3.2";
			developmentRegion = English;
			hasScannedForEncodings = 0;
			knownRegions = (
				en,
				Base,
			);
			mainGroup = 78A3FD481F2EC3DD00B70A90;
			productRefGroup = 78A3FD521F2EC3DD00B70A90 /* Products */;
			projectDirPath = "";
			projectRoot = "";
			targets = (
				78A3FD501F2EC3DD00B70A90 /* GYSDKDemo */,
			);
		};
/* End PBXProject section */

/* Begin PBXResourcesBuildPhase section */
		78A3FD4F1F2EC3DD00B70A90 /* Resources */ = {
			isa = PBXResourcesBuildPhase;
			buildActionMask = 2147483647;
			files = (
				78A3FD611F2EC3DD00B70A90 /* Assets.xcassets in Resources */,
				788D3D2E1FDFC7F5002121B6 /* YDSDK.bundle in Resources */,
			);
			runOnlyForDeploymentPostprocessing = 0;
		};
/* End PBXResourcesBuildPhase section */

/* Begin PBXSourcesBuildPhase section */
		78A3FD4D1F2EC3DD00B70A90 /* Sources */ = {
			isa = PBXSourcesBuildPhase;
			buildActionMask = 2147483647;
			files = (
				78A3FD5C1F2EC3DD00B70A90 /* ViewController.m in Sources */,
				78A3FD591F2EC3DD00B70A90 /* AppDelegate.m in Sources */,
				78A3FD561F2EC3DD00B70A90 /* main.m in Sources */,
			);
			runOnlyForDeploymentPostprocessing = 0;
		};
/* End PBXSourcesBuildPhase section */

/* Begin XCBuildConfiguration section */
		78A3FD661F2EC3DD00B70A90 /* Debug */ = {
			isa = XCBuildConfiguration;
			buildSettings = {
				ALWAYS_SEARCH_USER_PATHS = NO;
				CLANG_ANALYZER_NONNULL = YES;
				CLANG_ANALYZER_NUMBER_OBJECT_CONVERSION = YES_AGGRESSIVE;
				CLANG_CXX_LANGUAGE_STANDARD = "gnu++0x";
				CLANG_CXX_LIBRARY = "libc++";
				CLANG_ENABLE_MODULES = YES;
				CLANG_ENABLE_OBJC_ARC = YES;
				CLANG_WARN_BLOCK_CAPTURE_AUTORELEASING = YES;
				CLANG_WARN_BOOL_CONVERSION = YES;
				CLANG_WARN_COMMA = YES;
				CLANG_WARN_CONSTANT_CONVERSION = YES;
				CLANG_WARN_DIRECT_OBJC_ISA_USAGE = YES_ERROR;
				CLANG_WARN_DOCUMENTATION_COMMENTS = YES;
				CLANG_WARN_EMPTY_BODY = YES;
				CLANG_WARN_ENUM_CONVERSION = YES;
				CLANG_WARN_INFINITE_RECURSION = YES;
				CLANG_WARN_INT_CONVERSION = YES;
				CLANG_WARN_NON_LITERAL_NULL_CONVERSION = YES;
				CLANG_WARN_OBJC_LITERAL_CONVERSION = YES;
				CLANG_WARN_OBJC_ROOT_CLASS = YES_ERROR;
				CLANG_WARN_RANGE_LOOP_ANALYSIS = YES;
				CLANG_WARN_STRICT_PROTOTYPES = YES;
				CLANG_WARN_SUSPICIOUS_MOVE = YES;
				CLANG_WARN_UNREACHABLE_CODE = YES;
				CLANG_WARN__DUPLICATE_METHOD_MATCH = YES;
				"CODE_SIGN_IDENTITY[sdk=iphoneos*]" = "iPhone Developer";
				COPY_PHASE_STRIP = NO;
				DEBUG_INFORMATION_FORMAT = dwarf;
				ENABLE_STRICT_OBJC_MSGSEND = YES;
				ENABLE_TESTABILITY = YES;
				GCC_C_LANGUAGE_STANDARD = gnu99;
				GCC_DYNAMIC_NO_PIC = NO;
				GCC_NO_COMMON_BLOCKS = YES;
				GCC_OPTIMIZATION_LEVEL = 0;
				GCC_PREPROCESSOR_DEFINITIONS = (
					"DEBUG=1",
					"$(inherited)",
				);
				GCC_WARN_64_TO_32_BIT_CONVERSION = YES;
				GCC_WARN_ABOUT_RETURN_TYPE = YES_ERROR;
				GCC_WARN_UNDECLARED_SELECTOR = YES;
				GCC_WARN_UNINITIALIZED_AUTOS = YES_AGGRESSIVE;
				GCC_WARN_UNUSED_FUNCTION = YES;
				GCC_WARN_UNUSED_VARIABLE = YES;
				IPHONEOS_DEPLOYMENT_TARGET = 10.3;
				MTL_ENABLE_DEBUG_INFO = YES;
				ONLY_ACTIVE_ARCH = YES;
				SDKROOT = iphoneos;
			};
			name = Debug;
		};
		78A3FD671F2EC3DD00B70A90 /* Release */ = {
			isa = XCBuildConfiguration;
			buildSettings = {
				ALWAYS_SEARCH_USER_PATHS = NO;
				CLANG_ANALYZER_NONNULL = YES;
				CLANG_ANALYZER_NUMBER_OBJECT_CONVERSION = YES_AGGRESSIVE;
				CLANG_CXX_LANGUAGE_STANDARD = "gnu++0x";
				CLANG_CXX_LIBRARY = "libc++";
				CLANG_ENABLE_MODULES = YES;
				CLANG_ENABLE_OBJC_ARC = YES;
				CLANG_WARN_BLOCK_CAPTURE_AUTORELEASING = YES;
				CLANG_WARN_BOOL_CONVERSION = YES;
				CLANG_WARN_COMMA = YES;
				CLANG_WARN_CONSTANT_CONVERSION = YES;
				CLANG_WARN_DIRECT_OBJC_ISA_USAGE = YES_ERROR;
				CLANG_WARN_DOCUMENTATION_COMMENTS = YES;
				CLANG_WARN_EMPTY_BODY = YES;
				CLANG_WARN_ENUM_CONVERSION = YES;
				CLANG_WARN_INFINITE_RECURSION = YES;
				CLANG_WARN_INT_CONVERSION = YES;
				CLANG_WARN_NON_LITERAL_NULL_CONVERSION = YES;
				CLANG_WARN_OBJC_LITERAL_CONVERSION = YES;
				CLANG_WARN_OBJC_ROOT_CLASS = YES_ERROR;
				CLANG_WARN_RANGE_LOOP_ANALYSIS = YES;
				CLANG_WARN_STRICT_PROTOTYPES = YES;
				CLANG_WARN_SUSPICIOUS_MOVE = YES;
				CLANG_WARN_UNREACHABLE_CODE = YES;
				CLANG_WARN__DUPLICATE_METHOD_MATCH = YES;
				"CODE_SIGN_IDENTITY[sdk=iphoneos*]" = "iPhone Developer";
				COPY_PHASE_STRIP = NO;
				DEBUG_INFORMATION_FORMAT = "dwarf-with-dsym";
				ENABLE_NS_ASSERTIONS = NO;
				ENABLE_STRICT_OBJC_MSGSEND = YES;
				GCC_C_LANGUAGE_STANDARD = gnu99;
				GCC_NO_COMMON_BLOCKS = YES;
				GCC_WARN_64_TO_32_BIT_CONVERSION = YES;
				GCC_WARN_ABOUT_RETURN_TYPE = YES_ERROR;
				GCC_WARN_UNDECLARED_SELECTOR = YES;
				GCC_WARN_UNINITIALIZED_AUTOS = YES_AGGRESSIVE;
				GCC_WARN_UNUSED_FUNCTION = YES;
				GCC_WARN_UNUSED_VARIABLE = YES;
				IPHONEOS_DEPLOYMENT_TARGET = 10.3;
				MTL_ENABLE_DEBUG_INFO = NO;
				SDKROOT = iphoneos;
				VALIDATE_PRODUCT = YES;
			};
			name = Release;
		};
		78A3FD691F2EC3DD00B70A90 /* Debug */ = {
			isa = XCBuildConfiguration;
			buildSettings = {
				ASSETCATALOG_COMPILER_APPICON_NAME = AppIcon;
				"CODE_SIGN_IDENTITY[sdk=iphoneos*]" = "iPhone Developer";
				CODE_SIGN_STYLE = Automatic;
				DEVELOPMENT_TEAM = GCJWGV4358;
				FRAMEWORK_SEARCH_PATHS = (
					"$(inherited)",
					"$(PROJECT_DIR)/GYSDKDemo",
				);
				INFOPLIST_FILE = GYSDKDemo/Info.plist;
				IPHONEOS_DEPLOYMENT_TARGET = 8.0;
				LD_RUNPATH_SEARCH_PATHS = "$(inherited) @executable_path/Frameworks";
				LIBRARY_SEARCH_PATHS = (
					"$(inherited)",
					"$(PROJECT_DIR)",
				);
				OTHER_LDFLAGS = (
					"-Objc",
					"-all_load",
				);
				PRODUCT_BUNDLE_IDENTIFIER = com.youda.lexiusanzhangpai;
				PRODUCT_NAME = "$(TARGET_NAME)";
				PROVISIONING_PROFILE = "";
				PROVISIONING_PROFILE_SPECIFIER = "";
			};
			name = Debug;
		};
		78A3FD6A1F2EC3DD00B70A90 /* Release */ = {
			isa = XCBuildConfiguration;
			buildSettings = {
				ASSETCATALOG_COMPILER_APPICON_NAME = AppIcon;
				"CODE_SIGN_IDENTITY[sdk=iphoneos*]" = "iPhone Developer";
				CODE_SIGN_STYLE = Automatic;
				DEVELOPMENT_TEAM = GCJWGV4358;
				FRAMEWORK_SEARCH_PATHS = (
					"$(inherited)",
					"$(PROJECT_DIR)/GYSDKDemo",
				);
				INFOPLIST_FILE = GYSDKDemo/Info.plist;
				IPHONEOS_DEPLOYMENT_TARGET = 8.0;
				LD_RUNPATH_SEARCH_PATHS = "$(inherited) @executable_path/Frameworks";
				LIBRARY_SEARCH_PATHS = (
					"$(inherited)",
					"$(PROJECT_DIR)",
				);
				OTHER_LDFLAGS = (
					"-Objc",
					"-all_load",
				);
				PRODUCT_BUNDLE_IDENTIFIER = com.youda.lexiusanzhangpai;
				PRODUCT_NAME = "$(TARGET_NAME)";
				PROVISIONING_PROFILE = "";
				PROVISIONING_PROFILE_SPECIFIER = "";
			};
			name = Release;
		};
/* End XCBuildConfiguration section */

/* Begin XCConfigurationList section */
		78A3FD4C1F2EC3DD00B70A90 /* Build configuration list for PBXProject "GYSDKDemo" */ = {
			isa = XCConfigurationList;
			buildConfigurations = (
				78A3FD661F2EC3DD00B70A90 /* Debug */,
				78A3FD671F2EC3DD00B70A90 /* Release */,
			);
			defaultConfigurationIsVisible = 0;
			defaultConfigurationName = Release;
		};
		78A3FD681F2EC3DD00B70A90 /* Build configuration list for PBXNativeTarget "GYSDKDemo" */ = {
			isa = XCConfigurationList;
			buildConfigurations = (
				78A3FD691F2EC3DD00B70A90 /* Debug */,
				78A3FD6A1F2EC3DD00B70A90 /* Release */,
			);
			defaultConfigurationIsVisible = 0;
			defaultConfigurationName = Release;
		};
/* End XCConfigurationList section */
	};
	rootObject = 78A3FD491F2EC3DD00B70A90 /* Project object */;
}
